#
# This file is autogenerated by pip-compile with Python 3.11
# by the following command:
#
#    pip-compile --extra=dev --no-index --output-file=requirements.lock pyproject.toml
#
annotated-doc==0.0.5
    # via typer
annotated-types==0.8.0
    # via pydantic
anyio==4.15.0
    # via httpx
build==1.6.0
    # via
    #   gold-forecasting (pyproject.toml)
    #   pip-tools
certifi==2026.7.22
    # via
    #   httpcore
    #   httpx
click==8.5.0
    # via pip-tools
cloudpickle==3.1.2
    # via joblib
colorama==0.4.6
    # via
    #   build
    #   pytest
    #   typer
coverage[toml]==7.16.0
    # via pytest-cov
h11==0.16.0
    # via httpcore
httpcore==1.0.9
    # via httpx
httpx==0.28.1
    # via gold-forecasting (pyproject.toml)
hypothesis==6.167.1
    # via gold-forecasting (pyproject.toml)
idna==3.19
    # via
    #   anyio
    #   httpx
iniconfig==2.3.0
    # via pytest
joblib==1.6.0
    # via
    #   gold-forecasting (pyproject.toml)
    #   scikit-learn
librt==0.15.0
    # via mypy
markdown-it-py==4.2.0
    # via rich
mdurl==0.1.2
    # via markdown-it-py
mypy==1.20.2
    # via gold-forecasting (pyproject.toml)
mypy-extensions==1.1.0
    # via mypy
narwhals==2.25.0
    # via scikit-learn
numpy==2.4.6
    # via
    #   gold-forecasting (pyproject.toml)
    #   pandas
    #   pandas-stubs
    #   scikit-learn
    #   scipy
    #   xgboost
packaging==26.3
    # via
    #   build
    #   pytest
    #   wheel
pandas==2.3.3
    # via gold-forecasting (pyproject.toml)
pandas-stubs==2.3.3.260113
    # via gold-forecasting (pyproject.toml)
pathspec==1.1.1
    # via mypy
pip-tools==7.6.1
    # via gold-forecasting (pyproject.toml)
pluggy==1.6.0
    # via
    #   pytest
    #   pytest-cov
pyarrow==23.0.1
    # via gold-forecasting (pyproject.toml)
pydantic==2.13.5
    # via gold-forecasting (pyproject.toml)
pydantic-core==2.46.5
    # via pydantic
pygments==2.21.0
    # via
    #   pytest
    #   rich
pyproject-hooks==1.2.0
    # via
    #   build
    #   pip-tools
pytest==9.1.1
    # via
    #   gold-forecasting (pyproject.toml)
    #   pytest-cov
pytest-cov==7.1.0
    # via gold-forecasting (pyproject.toml)
python-dateutil==2.9.0.post0
    # via pandas
pytz==2026.3.post1
    # via pandas
pyyaml==6.0.3
    # via gold-forecasting (pyproject.toml)
rich==15.0.0
    # via typer
ruff==0.16.6
    # via gold-forecasting (pyproject.toml)
scikit-learn==1.9.0
    # via gold-forecasting (pyproject.toml)
scipy==1.17.1
    # via
    #   gold-forecasting (pyproject.toml)
    #   scikit-learn
    #   xgboost
shellingham==1.5.4
    # via typer
six==1.17.0
    # via python-dateutil
sortedcontainers==2.4.0
    # via hypothesis
threadpoolctl==3.6.0
    # via
    #   gold-forecasting (pyproject.toml)
    #   scikit-learn
typer==0.27.2
    # via gold-forecasting (pyproject.toml)
types-pytz==2026.3.1.20260727
    # via pandas-stubs
types-pyyaml==6.0.12.20260815
    # via gold-forecasting (pyproject.toml)
typing-extensions==4.16.0
    # via
    #   anyio
    #   mypy
    #   pydantic
    #   pydantic-core
    #   typing-inspection
typing-inspection==0.4.4
    # via pydantic
tzdata==2026.3
    # via pandas
wheel==0.48.0
    # via pip-tools
xgboost==3.2.0
    # via gold-forecasting (pyproject.toml)

# The following packages are considered to be unsafe in a requirements file:
# pip
# setuptools
